
Microsoft Visual Studio Solution File, Format Version 12.00
Project("{FAE04EC0-301F-11D3-BF4B-00C04F79EFBC}") = "HelloWorld", "src\HelloWorld\HelloWorld.csproj", "{18E3CE8C-0B59-4246-945C-E713C649CC64}"
EndProject
Project("{FAE04EC0-301F-11D3-BF4B-00C04F79EFBC}") = "HelloWorld.Tests", "test\HelloWorld.Test\HelloWorld.Tests.csproj", "{9039D95A-4FF5-4617-BC82-A699D1660BCA}"
EndProject
Project("{2150E333-8FDC-42A3-9474-1A3956D46DE8}") = "Solution Items", "Solution Items", "{1F021261-7563-4848-8F61-406BDE807443}"
ProjectSection(SolutionItems) = preProject
	omnisharp.json = omnisharp.json
	template.yaml = template.yaml
	README.md = README.md
EndProjectSection
EndProject
Global
	GlobalSection(SolutionConfigurationPlatforms) = preSolution
		Debug|Any CPU = Debug|Any CPU
		Release|Any CPU = Release|Any CPU
	EndGlobalSection
	GlobalSection(ProjectConfigurationPlatforms) = postSolution
		{18E3CE8C-0B59-4246-945C-E713C649CC64}.Debug|Any CPU.ActiveCfg = Debug|Any CPU
		{18E3CE8C-0B59-4246-945C-E713C649CC64}.Debug|Any CPU.Build.0 = Debug|Any CPU
		{18E3CE8C-0B59-4246-945C-E713C649CC64}.Release|Any CPU.ActiveCfg = Release|Any CPU
		{18E3CE8C-0B59-4246-945C-E713C649CC64}.Release|Any CPU.Build.0 = Release|Any CPU
		{9039D95A-4FF5-4617-BC82-A699D1660BCA}.Debug|Any CPU.ActiveCfg = Debug|Any CPU
		{9039D95A-4FF5-4617-BC82-A699D1660BCA}.Debug|Any CPU.Build.0 = Debug|Any CPU
		{9039D95A-4FF5-4617-BC82-A699D1660BCA}.Release|Any CPU.ActiveCfg = Release|Any CPU
		{9039D95A-4FF5-4617-BC82-A699D1660BCA}.Release|Any CPU.Build.0 = Release|Any CPU
	EndGlobalSection
EndGlobal
